{
  "name": "localdistill",
  "lockfileVersion": 3,
  "requires": true,
  "packages": {
    "": {
      "devDependencies": {
        "@dietrichgebert/ponytail": "^4.8.4"
      }
    },
    "node_modules/@dietrichgebert/ponytail": {
      "version": "4.8.4",
      "resolved": "https://registry.npmjs.org/@dietrichgebert/ponytail/-/ponytail-4.8.4.tgz",
      "integrity": "sha512-MALDTmDxKa2SJ8zKVekuOwWvo6+PvypNf5xeV2AtLO5OBtkt1U7DLWOeUbb9Th3H9lV80EkWoRI05yK0/dnekA==",
      "dev": true,
      "license": "MIT"
    }
  }
}
